
Microsoft Visual Studio Solution File, Format Version 12.00
# Visual Studio Version 17
VisualStudioVersion = 17.2.32516.85
MinimumVisualStudioVersion = 10.0.40219.1
Project("{2150E333-8FDC-42A3-9474-1A3956D46DE8}") = "src", "src", "{C2562A3F-55B3-4BDF-A9DA-6654A85AEAAC}"
EndProject
Project("{2150E333-8FDC-42A3-9474-1A3956D46DE8}") = "corePackages", "corePackages", "{E2C58709-223C-4FE6-90B0-9D79C605A8F9}"
EndProject
Project("{2150E333-8FDC-42A3-9474-1A3956D46DE8}") = "projects", "projects", "{A59B8643-E322-4160-BD66-B0DD79AB63E3}"
EndProject
Project("{2150E333-8FDC-42A3-9474-1A3956D46DE8}") = "KodlamaioDevs", "KodlamaioDevs", "{A4723943-BB87-4EEB-B806-A9A4A3A2C57C}"
EndProject
Project("{9A19103F-16F7-4668-BE54-9A1E7A4F7556}") = "Application", "src\projects\KodlamaioDevs\Application\Application.csproj", "{40EEF349-9CE9-4D14-B33E-703DA9B18B50}"
EndProject
Project("{9A19103F-16F7-4668-BE54-9A1E7A4F7556}") = "Domain", "src\projects\KodlamaioDevs\Domain\Domain.csproj", "{67FD6E7C-3066-40A6-B752-63C5E41DFF69}"
EndProject
Project("{9A19103F-16F7-4668-BE54-9A1E7A4F7556}") = "Infrastructure", "src\projects\KodlamaioDevs\Infrastructure\Infrastructure.csproj", "{71B5A47F-3859-475F-BF0A-195443A62037}"
EndProject
Project("{9A19103F-16F7-4668-BE54-9A1E7A4F7556}") = "Persistence", "src\projects\KodlamaioDevs\Persistence\Persistence.csproj", "{E818780D-C6B6-4B9C-9D7D-A87921D8FEA2}"
EndProject
Project("{9A19103F-16F7-4668-BE54-9A1E7A4F7556}") = "WebAPI", "src\projects\KodlamaioDevs\WebAPI\WebAPI.csproj", "{A81A39CF-F7B0-478A-A48A-4756D575844A}"
EndProject
Project("{9A19103F-16F7-4668-BE54-9A1E7A4F7556}") = "Core.Application", "src\corePackages\Core.Application\Core.Application.csproj", "{C13B5361-3A2B-4A20-9EAB-5D0965F0EC39}"
EndProject
Project("{9A19103F-16F7-4668-BE54-9A1E7A4F7556}") = "Core.CrossCuttingConcerns", "src\corePackages\Core.CrossCuttingConcers\Core.CrossCuttingConcerns.csproj", "{86A39DE1-6687-4F56-AF0B-8EE947E3781B}"
EndProject
Project("{9A19103F-16F7-4668-BE54-9A1E7A4F7556}") = "Core.ElasticSearch", "src\corePackages\Core.ElasticSearch\Core.ElasticSearch.csproj", "{3F3FD780-85CD-4AB5-A2CC-831EE116E763}"
EndProject
Project("{9A19103F-16F7-4668-BE54-9A1E7A4F7556}") = "Core.Mailing", "src\corePackages\Core.Mailing\Core.Mailing.csproj", "{6DEC190B-B828-473A-B467-CDCB72E3E455}"
EndProject
Project("{9A19103F-16F7-4668-BE54-9A1E7A4F7556}") = "Core.Persistence", "src\corePackages\Core.Persistence\Core.Persistence.csproj", "{E462397B-C240-46CB-A22C-DDEAB337D6FC}"
EndProject
Project("{9A19103F-16F7-4668-BE54-9A1E7A4F7556}") = "Core.Security", "src\corePackages\Core.Security\Core.Security.csproj", "{347B4A0D-8B57-499D-A674-024DA7868D56}"
EndProject
Global
	GlobalSection(SolutionConfigurationPlatforms) = preSolution
		Debug|Any CPU = Debug|Any CPU
		Release|Any CPU = Release|Any CPU
	EndGlobalSection
	GlobalSection(ProjectConfigurationPlatforms) = postSolution
		{40EEF349-9CE9-4D14-B33E-703DA9B18B50}.Debug|Any CPU.ActiveCfg = Debug|Any CPU
		{40EEF349-9CE9-4D14-B33E-703DA9B18B50}.Debug|Any CPU.Build.0 = Debug|Any CPU
		{40EEF349-9CE9-4D14-B33E-703DA9B18B50}.Release|Any CPU.ActiveCfg = Release|Any CPU
		{40EEF349-9CE9-4D14-B33E-703DA9B18B50}.Release|Any CPU.Build.0 = Release|Any CPU
		{67FD6E7C-3066-40A6-B752-63C5E41DFF69}.Debug|Any CPU.ActiveCfg = Debug|Any CPU
		{67FD6E7C-3066-40A6-B752-63C5E41DFF69}.Debug|Any CPU.Build.0 = Debug|Any CPU
		{67FD6E7C-3066-40A6-B752-63C5E41DFF69}.Release|Any CPU.ActiveCfg = Release|Any CPU
		{67FD6E7C-3066-40A6-B752-63C5E41DFF69}.Release|Any CPU.Build.0 = Release|Any CPU
		{71B5A47F-3859-475F-BF0A-195443A62037}.Debug|Any CPU.ActiveCfg = Debug|Any CPU
		{71B5A47F-3859-475F-BF0A-195443A62037}.Debug|Any CPU.Build.0 = Debug|Any CPU
		{71B5A47F-3859-475F-BF0A-195443A62037}.Release|Any CPU.ActiveCfg = Release|Any CPU
		{71B5A47F-3859-475F-BF0A-195443A62037}.Release|Any CPU.Build.0 = Release|Any CPU
		{E818780D-C6B6-4B9C-9D7D-A87921D8FEA2}.Debug|Any CPU.ActiveCfg = Debug|Any CPU
		{E818780D-C6B6-4B9C-9D7D-A87921D8FEA2}.Debug|Any CPU.Build.0 = Debug|Any CPU
		{E818780D-C6B6-4B9C-9D7D-A87921D8FEA2}.Release|Any CPU.ActiveCfg = Release|Any CPU
		{E818780D-C6B6-4B9C-9D7D-A87921D8FEA2}.Release|Any CPU.Build.0 = Release|Any CPU
		{A81A39CF-F7B0-478A-A48A-4756D575844A}.Debug|Any CPU.ActiveCfg = Debug|Any CPU
		{A81A39CF-F7B0-478A-A48A-4756D575844A}.Debug|Any CPU.Build.0 = Debug|Any CPU
		{A81A39CF-F7B0-478A-A48A-4756D575844A}.Release|Any CPU.ActiveCfg = Release|Any CPU
		{A81A39CF-F7B0-478A-A48A-4756D575844A}.Release|Any CPU.Build.0 = Release|Any CPU
		{C13B5361-3A2B-4A20-9EAB-5D0965F0EC39}.Debug|Any CPU.ActiveCfg = Debug|Any CPU
		{C13B5361-3A2B-4A20-9EAB-5D0965F0EC39}.Debug|Any CPU.Build.0 = Debug|Any CPU
		{C13B5361-3A2B-4A20-9EAB-5D0965F0EC39}.Release|Any CPU.ActiveCfg = Release|Any CPU
		{C13B5361-3A2B-4A20-9EAB-5D0965F0EC39}.Release|Any CPU.Build.0 = Release|Any CPU
		{86A39DE1-6687-4F56-AF0B-8EE947E3781B}.Debug|Any CPU.ActiveCfg = Debug|Any CPU
		{86A39DE1-6687-4F56-AF0B-8EE947E3781B}.Debug|Any CPU.Build.0 = Debug|Any CPU
		{86A39DE1-6687-4F56-AF0B-8EE947E3781B}.Release|Any CPU.ActiveCfg = Release|Any CPU
		{86A39DE1-6687-4F56-AF0B-8EE947E3781B}.Release|Any CPU.Build.0 = Release|Any CPU
		{3F3FD780-85CD-4AB5-A2CC-831EE116E763}.Debug|Any CPU.ActiveCfg = Debug|Any CPU
		{3F3FD780-85CD-4AB5-A2CC-831EE116E763}.Debug|Any CPU.Build.0 = Debug|Any CPU
		{3F3FD780-85CD-4AB5-A2CC-831EE116E763}.Release|Any CPU.ActiveCfg = Release|Any CPU
		{3F3FD780-85CD-4AB5-A2CC-831EE116E763}.Release|Any CPU.Build.0 = Release|Any CPU
		{6DEC190B-B828-473A-B467-CDCB72E3E455}.Debug|Any CPU.ActiveCfg = Debug|Any CPU
		{6DEC190B-B828-473A-B467-CDCB72E3E455}.Debug|Any CPU.Build.0 = Debug|Any CPU
		{6DEC190B-B828-473A-B467-CDCB72E3E455}.Release|Any CPU.ActiveCfg = Release|Any CPU
		{6DEC190B-B828-473A-B467-CDCB72E3E455}.Release|Any CPU.Build.0 = Release|Any CPU
		{E462397B-C240-46CB-A22C-DDEAB337D6FC}.Debug|Any CPU.ActiveCfg = Debug|Any CPU
		{E462397B-C240-46CB-A22C-DDEAB337D6FC}.Debug|Any CPU.Build.0 = Debug|Any CPU
		{E462397B-C240-46CB-A22C-DDEAB337D6FC}.Release|Any CPU.ActiveCfg = Release|Any CPU
		{E462397B-C240-46CB-A22C-DDEAB337D6FC}.Release|Any CPU.Build.0 = Release|Any CPU
		{347B4A0D-8B57-499D-A674-024DA7868D56}.Debug|Any CPU.ActiveCfg = Debug|Any CPU
		{347B4A0D-8B57-499D-A674-024DA7868D56}.Debug|Any CPU.Build.0 = Debug|Any CPU
		{347B4A0D-8B57-499D-A674-024DA7868D56}.Release|Any CPU.ActiveCfg = Release|Any CPU
		{347B4A0D-8B57-499D-A674-024DA7868D56}.Release|Any CPU.Build.0 = Release|Any CPU
	EndGlobalSection
	GlobalSection(SolutionProperties) = preSolution
		HideSolutionNode = FALSE
	EndGlobalSection
	GlobalSection(NestedProjects) = preSolution
		{E2C58709-223C-4FE6-90B0-9D79C605A8F9} = {C2562A3F-55B3-4BDF-A9DA-6654A85AEAAC}
		{A59B8643-E322-4160-BD66-B0DD79AB63E3} = {C2562A3F-55B3-4BDF-A9DA-6654A85AEAAC}
		{A4723943-BB87-4EEB-B806-A9A4A3A2C57C} = {A59B8643-E322-4160-BD66-B0DD79AB63E3}
		{40EEF349-9CE9-4D14-B33E-703DA9B18B50} = {A4723943-BB87-4EEB-B806-A9A4A3A2C57C}
		{67FD6E7C-3066-40A6-B752-63C5E41DFF69} = {A4723943-BB87-4EEB-B806-A9A4A3A2C57C}
		{71B5A47F-3859-475F-BF0A-195443A62037} = {A4723943-BB87-4EEB-B806-A9A4A3A2C57C}
		{E818780D-C6B6-4B9C-9D7D-A87921D8FEA2} = {A4723943-BB87-4EEB-B806-A9A4A3A2C57C}
		{A81A39CF-F7B0-478A-A48A-4756D575844A} = {A4723943-BB87-4EEB-B806-A9A4A3A2C57C}
		{C13B5361-3A2B-4A20-9EAB-5D0965F0EC39} = {E2C58709-223C-4FE6-90B0-9D79C605A8F9}
		{86A39DE1-6687-4F56-AF0B-8EE947E3781B} = {E2C58709-223C-4FE6-90B0-9D79C605A8F9}
		{3F3FD780-85CD-4AB5-A2CC-831EE116E763} = {E2C58709-223C-4FE6-90B0-9D79C605A8F9}
		{6DEC190B-B828-473A-B467-CDCB72E3E455} = {E2C58709-223C-4FE6-90B0-9D79C605A8F9}
		{E462397B-C240-46CB-A22C-DDEAB337D6FC} = {E2C58709-223C-4FE6-90B0-9D79C605A8F9}
		{347B4A0D-8B57-499D-A674-024DA7868D56} = {E2C58709-223C-4FE6-90B0-9D79C605A8F9}
	EndGlobalSection
	GlobalSection(ExtensibilityGlobals) = postSolution
		SolutionGuid = {E9C7DE0D-40AE-4D81-B167-48E07F58BB0D}
	EndGlobalSection
EndGlobal
